
Microsoft Visual Studio Solution File, Format Version 12.00
# Visual Studio Version 17
VisualStudioVersion = 17.3.32929.385
MinimumVisualStudioVersion = 10.0.40219.1
Project("{9A19103F-16F7-4668-BE54-9A1E7A4F7556}") = "Faker.Core", "Faker.Core\Faker.Core.csproj", "{6725364D-E0D5-4F3D-8823-EA82F01FA5FA}"
EndProject
Project("{9A19103F-16F7-4668-BE54-9A1E7A4F7556}") = "Faker.Tests", "Faker.Tests\Faker.Tests.csproj", "{92A2A809-70F2-4D2C-B044-4AD1E89223D2}"
EndProject
Global
	GlobalSection(SolutionConfigurationPlatforms) = preSolution
		Debug|Any CPU = Debug|Any CPU
		Release|Any CPU = Release|Any CPU
	EndGlobalSection
	GlobalSection(ProjectConfigurationPlatforms) = postSolution
		{6725364D-E0D5-4F3D-8823-EA82F01FA5FA}.Debug|Any CPU.ActiveCfg = Debug|Any CPU
		{6725364D-E0D5-4F3D-8823-EA82F01FA5FA}.Debug|Any CPU.Build.0 = Debug|Any CPU
		{6725364D-E0D5-4F3D-8823-EA82F01FA5FA}.Release|Any CPU.ActiveCfg = Release|Any CPU
		{6725364D-E0D5-4F3D-8823-EA82F01FA5FA}.Release|Any CPU.Build.0 = Release|Any CPU
		{92A2A809-70F2-4D2C-B044-4AD1E89223D2}.Debug|Any CPU.ActiveCfg = Debug|Any CPU
		{92A2A809-70F2-4D2C-B044-4AD1E89223D2}.Debug|Any CPU.Build.0 = Debug|Any CPU
		{92A2A809-70F2-4D2C-B044-4AD1E89223D2}.Release|Any CPU.ActiveCfg = Release|Any CPU
		{92A2A809-70F2-4D2C-B044-4AD1E89223D2}.Release|Any CPU.Build.0 = Release|Any CPU
	EndGlobalSection
	GlobalSection(SolutionProperties) = preSolution
		HideSolutionNode = FALSE
	EndGlobalSection
	GlobalSection(ExtensibilityGlobals) = postSolution
		SolutionGuid = {1C55D486-14D1-4800-AAB4-034DD08572A6}
	EndGlobalSection
EndGlobal
